PODS:
  - Alamofire (5.6.4)
  - BouncyLayout (2.3.0)
  - Kingfisher (7.6.2)
  - YoutubePlayerView (1.2.1)

DEPENDENCIES:
  - Alamofire
  - BouncyLayout
  - Kingfisher
  - YoutubePlayerView

SPEC REPOS:
  trunk:
    - Alamofire
    - BouncyLayout
    - Kingfisher
    - YoutubePlayerView

SPEC CHECKSUMS:
  Alamofire: 4e95d97098eacb88856099c4fc79b526a299e48c
  BouncyLayout: 946047ef4987959bc107731c665ca4fdcdef5e17
  Kingfisher: 6c5449c6450c5239166510ba04afe374a98afc4f
  YoutubePlayerView: 3870fc10f2db3f54156697757f44d304203bdc7e

PODFILE CHECKSUM: 6f8b5a8b167f280c1398d4fdad954758c06dd6e0

COCOAPODS: 1.12.0
