// !$*UTF8*$!
{
	archiveVersion = 1;
	classes = {
	};
	objectVersion = 56;
	objects = {

/* Begin PBXBuildFile section */
		AD8AFC0929F678BC0078964A /* AppDelegate.swift in Sources */ = {isa = PBXBuildFile; fileRef = AD8AFC0829F678BC0078964A /* AppDelegate.swift */; };
		AD8AFC0B29F678BC0078964A /* SceneDelegate.swift in Sources */ = {isa = PBXBuildFile; fileRef = AD8AFC0A29F678BC0078964A /* SceneDelegate.swift */; };
		AD8AFC0D29F678BC0078964A /* ViewController.swift in Sources */ = {isa = PBXBuildFile; fileRef = AD8AFC0C29F678BC0078964A /* ViewController.swift */; };
		AD8AFC1029F678BC0078964A /* Main.storyboard in Resources */ = {isa = PBXBuildFile; fileRef = AD8AFC0E29F678BC0078964A /* Main.storyboard */; };
		AD8AFC1329F678BC0078964A /* Bingeer.xcdatamodeld in Sources */ = {isa = PBXBuildFile; fileRef = AD8AFC1129F678BC0078964A /* Bingeer.xcdatamodeld */; };
		AD8AFC1529F678BD0078964A /* Assets.xcassets in Resources */ = {isa = PBXBuildFile; fileRef = AD8AFC1429F678BD0078964A /* Assets.xcassets */; };
		AD8AFC1829F678BD0078964A /* LaunchScreen.storyboard in Resources */ = {isa = PBXBuildFile; fileRef = AD8AFC1629F678BD0078964A /* LaunchScreen.storyboard */; };
/* End PBXBuildFile section */

/* Begin PBXFileReference section */
		AD8AFC0529F678BC0078964A /* Bingeer.app */ = {isa = PBXFileReference; explicitFileType = wrapper.application; includeInIndex = 0; path = Bingeer.app; sourceTree = BUILT_PRODUCTS_DIR; };
		AD8AFC0829F678BC0078964A /* AppDelegate.swift */ = {isa = PBXFileReference; lastKnownFileType = sourcecode.swift; path = AppDelegate.swift; sourceTree = "<group>"; };
		AD8AFC0A29F678BC0078964A /* SceneDelegate.swift */ = {isa = PBXFileReference; lastKnownFileType = sourcecode.swift; path = SceneDelegate.swift; sourceTree = "<group>"; };
		AD8AFC0C29F678BC0078964A /* ViewController.swift */ = {isa = PBXFileReference; lastKnownFileType = sourcecode.swift; path = ViewController.swift; sourceTree = "<group>"; };
		AD8AFC0F29F678BC0078964A /* Base */ = {isa = PBXFileReference; lastKnownFileType = file.storyboard; name = Base; path = Base.lproj/Main.storyboard; sourceTree = "<group>"; };
		AD8AFC1229F678BC0078964A /* Bingeer.xcdatamodel */ = {isa = PBXFileReference; lastKnownFileType = wrapper.xcdatamodel; path = Bingeer.xcdatamodel; sourceTree = "<group>"; };
		AD8AFC1429F678BD0078964A /* Assets.xcassets */ = {isa = PBXFileReference; lastKnownFileType = folder.assetcatalog; path = Assets.xcassets; sourceTree = "<group>"; };
		AD8AFC1729F678BD0078964A /* Base */ = {isa = PBXFileReference; lastKnownFileType = file.storyboard; name = Base; path = Base.lproj/LaunchScreen.storyboard; sourceTree = "<group>"; };
		AD8AFC1929F678BD0078964A /* Info.plist */ = {isa = PBXFileReference; lastKnownFileType = text.plist.xml; path = Info.plist; sourceTree = "<group>"; };
/* End PBXFileReference section */

/* Begin PBXFrameworksBuildPhase section */
		AD8AFC0229F678BC0078964A /* Frameworks */ = {
			isa = PBXFrameworksBuildPhase;
			buildActionMask = 2147483647;
			files = (
			);
			runOnlyForDeploymentPostprocessing = 0;
		};
/* End PBXFrameworksBuildPhase section */

/* Begin PBXGroup section */
		AD8AFBFC29F678BC0078964A = {
			isa = PBXGroup;
			children = (
				AD8AFC0729F678BC0078964A /* Bingeer */,
				AD8AFC0629F678BC0078964A /* Products */,
			);
			sourceTree = "<group>";
		};
		AD8AFC0629F678BC0078964A /* Products */ = {
			isa = PBXGroup;
			children = (
				AD8AFC0529F678BC0078964A /* Bingeer.app */,
			);
			name = Products;
			sourceTree = "<group>";
		};
		AD8AFC0729F678BC0078964A /* Bingeer */ = {
			isa = PBXGroup;
			children = (
				AD8AFC1F29F679740078964A /* Model */,
				AD8AFC2029F6797B0078964A /* View */,
				AD8AFC2129F679800078964A /* Controller */,
				AD8AFC0829F678BC0078964A /* AppDelegate.swift */,
				AD8AFC0A29F678BC0078964A /* SceneDelegate.swift */,
				AD8AFC1429F678BD0078964A /* Assets.xcassets */,
				AD8AFC1929F678BD0078964A /* Info.plist */,
				AD8AFC1129F678BC0078964A /* Bingeer.xcdatamodeld */,
			);
			path = Bingeer;
			sourceTree = "<group>";
		};
		AD8AFC1F29F679740078964A /* Model */ = {
			isa = PBXGroup;
			children = (
				ADF4088B29F67B6300F8BF1A /* People */,
				ADF4088A29F67B5C00F8BF1A /* Show */,
				ADF4088929F67B5500F8BF1A /* Movie */,
			);
			path = Model;
			sourceTree = "<group>";
		};
		AD8AFC2029F6797B0078964A /* View */ = {
			isa = PBXGroup;
			children = (
				AD8AFC0E29F678BC0078964A /* Main.storyboard */,
				AD8AFC1629F678BD0078964A /* LaunchScreen.storyboard */,
			);
			path = View;
			sourceTree = "<group>";
		};
		AD8AFC2129F679800078964A /* Controller */ = {
			isa = PBXGroup;
			children = (
				AD8AFC0C29F678BC0078964A /* ViewController.swift */,
			);
			path = Controller;
			sourceTree = "<group>";
		};
		ADF4088929F67B5500F8BF1A /* Movie */ = {
			isa = PBXGroup;
			children = (
			);
			path = Movie;
			sourceTree = "<group>";
		};
		ADF4088A29F67B5C00F8BF1A /* Show */ = {
			isa = PBXGroup;
			children = (
			);
			path = Show;
			sourceTree = "<group>";
		};
		ADF4088B29F67B6300F8BF1A /* People */ = {
			isa = PBXGroup;
			children = (
			);
			path = People;
			sourceTree = "<group>";
		};
/* End PBXGroup section */

/* Begin PBXNativeTarget section */
		AD8AFC0429F678BC0078964A /* Bingeer */ = {
			isa = PBXNativeTarget;
			buildConfigurationList = AD8AFC1C29F678BD0078964A /* Build configuration list for PBXNativeTarget "Bingeer" */;
			buildPhases = (
				AD8AFC0129F678BC0078964A /* Sources */,
				AD8AFC0229F678BC0078964A /* Frameworks */,
				AD8AFC0329F678BC0078964A /* Resources */,
			);
			buildRules = (
			);
			dependencies = (
			);
			name = Bingeer;
			productName = Bingeer;
			productReference = AD8AFC0529F678BC0078964A /* Bingeer.app */;
			productType = "com.apple.product-type.application";
		};
/* End PBXNativeTarget section */

/* Begin PBXProject section */
		AD8AFBFD29F678BC0078964A /* Project object */ = {
			isa = PBXProject;
			attributes = {
				BuildIndependentTargetsInParallel = 1;
				LastSwiftUpdateCheck = 1430;
				LastUpgradeCheck = 1430;
				TargetAttributes = {
					AD8AFC0429F678BC0078964A = {
						CreatedOnToolsVersion = 14.3;
					};
				};
			};
			buildConfigurationList = AD8AFC0029F678BC0078964A /* Build configuration list for PBXProject "Bingeer" */;
			compatibilityVersion = "Xcode 14.0";
			developmentRegion = en;
			hasScannedForEncodings = 0;
			knownRegions = (
				en,
				Base,
			);
			mainGroup = AD8AFBFC29F678BC0078964A;
			productRefGroup = AD8AFC0629F678BC0078964A /* Products */;
			projectDirPath = "";
			projectRoot = "";
			targets = (
				AD8AFC0429F678BC0078964A /* Bingeer */,
			);
		};
/* End PBXProject section */

/* Begin PBXResourcesBuildPhase section */
		AD8AFC0329F678BC0078964A /* Resources */ = {
			isa = PBXResourcesBuildPhase;
			buildActionMask = 2147483647;
			files = (
				AD8AFC1829F678BD0078964A /* LaunchScreen.storyboard in Resources */,
				AD8AFC1529F678BD0078964A /* Assets.xcassets in Resources */,
				AD8AFC1029F678BC0078964A /* Main.storyboard in Resources */,
			);
			runOnlyForDeploymentPostprocessing = 0;
		};
/* End PBXResourcesBuildPhase section */

/* Begin PBXSourcesBuildPhase section */
		AD8AFC0129F678BC0078964A /* Sources */ = {
			isa = PBXSourcesBuildPhase;
			buildActionMask = 2147483647;
			files = (
				AD8AFC1329F678BC0078964A /* Bingeer.xcdatamodeld in Sources */,
				AD8AFC0D29F678BC0078964A /* ViewController.swift in Sources */,
				AD8AFC0929F678BC0078964A /* AppDelegate.swift in Sources */,
				AD8AFC0B29F678BC0078964A /* SceneDelegate.swift in Sources */,
			);
			runOnlyForDeploymentPostprocessing = 0;
		};
/* End PBXSourcesBuildPhase section */

/* Begin PBXVariantGroup section */
		AD8AFC0E29F678BC0078964A /* Main.storyboard */ = {
			isa = PBXVariantGroup;
			children = (
				AD8AFC0F29F678BC0078964A /* Base */,
			);
			name = Main.storyboard;
			sourceTree = "<group>";
		};
		AD8AFC1629F678BD0078964A /* LaunchScreen.storyboard */ = {
			isa = PBXVariantGroup;
			children = (
				AD8AFC1729F678BD0078964A /* Base */,
			);
			name = LaunchScreen.storyboard;
			sourceTree = "<group>";
		};
/* End PBXVariantGroup section */

/* Begin XCBuildConfiguration section */
		AD8AFC1A29F678BD0078964A /* Debug */ = {
			isa = XCBuildConfiguration;
			buildSettings = {
				ALWAYS_SEARCH_USER_PATHS = NO;
				CLANG_ANALYZER_NONNULL = YES;
				CLANG_ANALYZER_NUMBER_OBJECT_CONVERSION = YES_AGGRESSIVE;
				CLANG_CXX_LANGUAGE_STANDARD = "gnu++20";
				CLANG_ENABLE_MODULES = YES;
				CLANG_ENABLE_OBJC_ARC = YES;
				CLANG_ENABLE_OBJC_WEAK = YES;
				CLANG_WARN_BLOCK_CAPTURE_AUTORELEASING = YES;
				CLANG_WARN_BOOL_CONVERSION = YES;
				CLANG_WARN_COMMA = YES;
				CLANG_WARN_CONSTANT_CONVERSION = YES;
				CLANG_WARN_DEPRECATED_OBJC_IMPLEMENTATIONS = YES;
				CLANG_WARN_DIRECT_OBJC_ISA_USAGE = YES_ERROR;
				CLANG_WARN_DOCUMENTATION_COMMENTS = YES;
				CLANG_WARN_EMPTY_BODY = YES;
				CLANG_WARN_ENUM_CONVERSION = YES;
				CLANG_WARN_INFINITE_RECURSION = YES;
				CLANG_WARN_INT_CONVERSION = YES;
				CLANG_WARN_NON_LITERAL_NULL_CONVERSION = YES;
				CLANG_WARN_OBJC_IMPLICIT_RETAIN_SELF = YES;
				CLANG_WARN_OBJC_LITERAL_CONVERSION = YES;
				CLANG_WARN_OBJC_ROOT_CLASS = YES_ERROR;
				CLANG_WARN_QUOTED_INCLUDE_IN_FRAMEWORK_HEADER = YES;
				CLANG_WARN_RANGE_LOOP_ANALYSIS = YES;
				CLANG_WARN_STRICT_PROTOTYPES = YES;
				CLANG_WARN_SUSPICIOUS_MOVE = YES;
				CLANG_WARN_UNGUARDED_AVAILABILITY = YES_AGGRESSIVE;
				CLANG_WARN_UNREACHABLE_CODE = YES;
				CLANG_WARN__DUPLICATE_METHOD_MATCH = YES;
				COPY_PHASE_STRIP = NO;
				DEBUG_INFORMATION_FORMAT = dwarf;
				ENABLE_STRICT_OBJC_MSGSEND = YES;
				ENABLE_TESTABILITY = YES;
				GCC_C_LANGUAGE_STANDARD = gnu11;
				GCC_DYNAMIC_NO_PIC = NO;
				GCC_NO_COMMON_BLOCKS = YES;
				GCC_OPTIMIZATION_LEVEL = 0;
				GCC_PREPROCESSOR_DEFINITIONS = (
					"DEBUG=1",
					"$(inherited)",
				);
				GCC_WARN_64_TO_32_BIT_CONVERSION = YES;
				GCC_WARN_ABOUT_RETURN_TYPE = YES_ERROR;
				GCC_WARN_UNDECLARED_SELECTOR = YES;
				GCC_WARN_UNINITIALIZED_AUTOS = YES_AGGRESSIVE;
				GCC_WARN_UNUSED_FUNCTION = YES;
				GCC_WARN_UNUSED_VARIABLE = YES;
				IPHONEOS_DEPLOYMENT_TARGET = 16.4;
				MTL_ENABLE_DEBUG_INFO = INCLUDE_SOURCE;
				MTL_FAST_MATH = YES;
				ONLY_ACTIVE_ARCH = YES;
				SDKROOT = iphoneos;
				SWIFT_ACTIVE_COMPILATION_CONDITIONS = DEBUG;
				SWIFT_OPTIMIZATION_LEVEL = "-Onone";
			};
			name = Debug;
		};
		AD8AFC1B29F678BD0078964A /* Release */ = {
			isa = XCBuildConfiguration;
			buildSettings = {
				ALWAYS_SEARCH_USER_PATHS = NO;
				CLANG_ANALYZER_NONNULL = YES;
				CLANG_ANALYZER_NUMBER_OBJECT_CONVERSION = YES_AGGRESSIVE;
				CLANG_CXX_LANGUAGE_STANDARD = "gnu++20";
				CLANG_ENABLE_MODULES = YES;
				CLANG_ENABLE_OBJC_ARC = YES;
				CLANG_ENABLE_OBJC_WEAK = YES;
				CLANG_WARN_BLOCK_CAPTURE_AUTORELEASING = YES;
				CLANG_WARN_BOOL_CONVERSION = YES;
				CLANG_WARN_COMMA = YES;
				CLANG_WARN_CONSTANT_CONVERSION = YES;
				CLANG_WARN_DEPRECATED_OBJC_IMPLEMENTATIONS = YES;
				CLANG_WARN_DIRECT_OBJC_ISA_USAGE = YES_ERROR;
				CLANG_WARN_DOCUMENTATION_COMMENTS = YES;
				CLANG_WARN_EMPTY_BODY = YES;
				CLANG_WARN_ENUM_CONVERSION = YES;
				CLANG_WARN_INFINITE_RECURSION = YES;
				CLANG_WARN_INT_CONVERSION = YES;
				CLANG_WARN_NON_LITERAL_NULL_CONVERSION = YES;
				CLANG_WARN_OBJC_IMPLICIT_RETAIN_SELF = YES;
				CLANG_WARN_OBJC_LITERAL_CONVERSION = YES;
				CLANG_WARN_OBJC_ROOT_CLASS = YES_ERROR;
				CLANG_WARN_QUOTED_INCLUDE_IN_FRAMEWORK_HEADER = YES;
				CLANG_WARN_RANGE_LOOP_ANALYSIS = YES;
				CLANG_WARN_STRICT_PROTOTYPES = YES;
				CLANG_WARN_SUSPICIOUS_MOVE = YES;
				CLANG_WARN_UNGUARDED_AVAILABILITY = YES_AGGRESSIVE;
				CLANG_WARN_UNREACHABLE_CODE = YES;
				CLANG_WARN__DUPLICATE_METHOD_MATCH = YES;
				COPY_PHASE_STRIP = NO;
				DEBUG_INFORMATION_FORMAT = "dwarf-with-dsym";
				ENABLE_NS_ASSERTIONS = NO;
				ENABLE_STRICT_OBJC_MSGSEND = YES;
				GCC_C_LANGUAGE_STANDARD = gnu11;
				GCC_NO_COMMON_BLOCKS = YES;
				GCC_WARN_64_TO_32_BIT_CONVERSION = YES;
				GCC_WARN_ABOUT_RETURN_TYPE = YES_ERROR;
				GCC_WARN_UNDECLARED_SELECTOR = YES;
				GCC_WARN_UNINITIALIZED_AUTOS = YES_AGGRESSIVE;
				GCC_WARN_UNUSED_FUNCTION = YES;
				GCC_WARN_UNUSED_VARIABLE = YES;
				IPHONEOS_DEPLOYMENT_TARGET = 16.4;
				MTL_ENABLE_DEBUG_INFO = NO;
				MTL_FAST_MATH = YES;
				SDKROOT = iphoneos;
				SWIFT_COMPILATION_MODE = wholemodule;
				SWIFT_OPTIMIZATION_LEVEL = "-O";
				VALIDATE_PRODUCT = YES;
			};
			name = Release;
		};
		AD8AFC1D29F678BD0078964A /* Debug */ = {
			isa = XCBuildConfiguration;
			buildSettings = {
				ASSETCATALOG_COMPILER_APPICON_NAME = AppIcon;
				ASSETCATALOG_COMPILER_GLOBAL_ACCENT_COLOR_NAME = AccentColor;
				CODE_SIGN_STYLE = Automatic;
				CURRENT_PROJECT_VERSION = 1;
				DEVELOPMENT_TEAM = 29X82L2D2X;
				GENERATE_INFOPLIST_FILE = YES;
				INFOPLIST_FILE = Bingeer/Info.plist;
				INFOPLIST_KEY_UIApplicationSupportsIndirectInputEvents = YES;
				INFOPLIST_KEY_UILaunchStoryboardName = LaunchScreen;
				INFOPLIST_KEY_UIMainStoryboardFile = Main;
				INFOPLIST_KEY_UISupportedInterfaceOrientations = UIInterfaceOrientationPortrait;
				INFOPLIST_KEY_UISupportedInterfaceOrientations_iPad = "UIInterfaceOrientationLandscapeLeft UIInterfaceOrientationLandscapeRight UIInterfaceOrientationPortrait UIInterfaceOrientationPortraitUpsideDown";
				IPHONEOS_DEPLOYMENT_TARGET = 14.0;
				LD_RUNPATH_SEARCH_PATHS = (
					"$(inherited)",
					"@executable_path/Frameworks",
				);
				MARKETING_VERSION = 1.0;
				PRODUCT_BUNDLE_IDENTIFIER = Blu.Bingeer;
				PRODUCT_NAME = "$(TARGET_NAME)";
				SWIFT_EMIT_LOC_STRINGS = YES;
				SWIFT_VERSION = 5.0;
				TARGETED_DEVICE_FAMILY = "1,2";
			};
			name = Debug;
		};
		AD8AFC1E29F678BD0078964A /* Release */ = {
			isa = XCBuildConfiguration;
			buildSettings = {
				ASSETCATALOG_COMPILER_APPICON_NAME = AppIcon;
				ASSETCATALOG_COMPILER_GLOBAL_ACCENT_COLOR_NAME = AccentColor;
				CODE_SIGN_STYLE = Automatic;
				CURRENT_PROJECT_VERSION = 1;
				DEVELOPMENT_TEAM = 29X82L2D2X;
				GENERATE_INFOPLIST_FILE = YES;
				INFOPLIST_FILE = Bingeer/Info.plist;
				INFOPLIST_KEY_UIApplicationSupportsIndirectInputEvents = YES;
				INFOPLIST_KEY_UILaunchStoryboardName = LaunchScreen;
				INFOPLIST_KEY_UIMainStoryboardFile = Main;
				INFOPLIST_KEY_UISupportedInterfaceOrientations = UIInterfaceOrientationPortrait;
				INFOPLIST_KEY_UISupportedInterfaceOrientations_iPad = "UIInterfaceOrientationLandscapeLeft UIInterfaceOrientationLandscapeRight UIInterfaceOrientationPortrait UIInterfaceOrientationPortraitUpsideDown";
				IPHONEOS_DEPLOYMENT_TARGET = 14.0;
				LD_RUNPATH_SEARCH_PATHS = (
					"$(inherited)",
					"@executable_path/Frameworks",
				);
				MARKETING_VERSION = 1.0;
				PRODUCT_BUNDLE_IDENTIFIER = Blu.Bingeer;
				PRODUCT_NAME = "$(TARGET_NAME)";
				SWIFT_EMIT_LOC_STRINGS = YES;
				SWIFT_VERSION = 5.0;
				TARGETED_DEVICE_FAMILY = "1,2";
			};
			name = Release;
		};
/* End XCBuildConfiguration section */

/* Begin XCConfigurationList section */
		AD8AFC0029F678BC0078964A /* Build configuration list for PBXProject "Bingeer" */ = {
			isa = XCConfigurationList;
			buildConfigurations = (
				AD8AFC1A29F678BD0078964A /* Debug */,
				AD8AFC1B29F678BD0078964A /* Release */,
			);
			defaultConfigurationIsVisible = 0;
			defaultConfigurationName = Release;
		};
		AD8AFC1C29F678BD0078964A /* Build configuration list for PBXNativeTarget "Bingeer" */ = {
			isa = XCConfigurationList;
			buildConfigurations = (
				AD8AFC1D29F678BD0078964A /* Debug */,
				AD8AFC1E29F678BD0078964A /* Release */,
			);
			defaultConfigurationIsVisible = 0;
			defaultConfigurationName = Release;
		};
/* End XCConfigurationList section */

/* Begin XCVersionGroup section */
		AD8AFC1129F678BC0078964A /* Bingeer.xcdatamodeld */ = {
			isa = XCVersionGroup;
			children = (
				AD8AFC1229F678BC0078964A /* Bingeer.xcdatamodel */,
			);
			currentVersion = AD8AFC1229F678BC0078964A /* Bingeer.xcdatamodel */;
			path = Bingeer.xcdatamodeld;
			sourceTree = "<group>";
			versionGroupType = wrapper.xcdatamodel;
		};
/* End XCVersionGroup section */
	};
	rootObject = AD8AFBFD29F678BC0078964A /* Project object */;
}
