// !$*UTF8*$!
{
	archiveVersion = 1;
	classes = {
	};
	objectVersion = 56;
	objects = {

/* Begin PBXBuildFile section */
		7CA6FE884ABE11FAB1F286C8 /* Pods_Bingeer.framework in Frameworks */ = {isa = PBXBuildFile; fileRef = 03682060BC13F7FE0F404149 /* Pods_Bingeer.framework */; };
		AD0CEBB02A17F7E10023DB38 /* MovieCell.swift in Sources */ = {isa = PBXBuildFile; fileRef = AD0CEBAE2A17F7E10023DB38 /* MovieCell.swift */; };
		AD0CEBB12A17F7E10023DB38 /* MovieCell.xib in Resources */ = {isa = PBXBuildFile; fileRef = AD0CEBAF2A17F7E10023DB38 /* MovieCell.xib */; };
		AD0CEBB32A182E810023DB38 /* MovieViewController.swift in Sources */ = {isa = PBXBuildFile; fileRef = AD0CEBB22A182E810023DB38 /* MovieViewController.swift */; };
		AD0F959229F6B87D00BC9E15 /* TabBarController.swift in Sources */ = {isa = PBXBuildFile; fileRef = AD0F959129F6B87D00BC9E15 /* TabBarController.swift */; };
		AD24BF1C29F7EF0800868EE6 /* Env.swift in Sources */ = {isa = PBXBuildFile; fileRef = AD24BF1B29F7EF0800868EE6 /* Env.swift */; };
		AD24BF1D29F7EF9A00868EE6 /* .env in Resources */ = {isa = PBXBuildFile; fileRef = AD24BF1929F7ECD600868EE6 /* .env */; };
		AD24BF1F29F7F3CC00868EE6 /* Show.swift in Sources */ = {isa = PBXBuildFile; fileRef = AD24BF1E29F7F3CC00868EE6 /* Show.swift */; };
		AD24BF2129F7FB4A00868EE6 /* Api.swift in Sources */ = {isa = PBXBuildFile; fileRef = AD24BF2029F7FB4A00868EE6 /* Api.swift */; };
		AD24BF2329F8500000868EE6 /* Movie.swift in Sources */ = {isa = PBXBuildFile; fileRef = AD24BF2229F8500000868EE6 /* Movie.swift */; };
		AD24BF2629F903B100868EE6 /* DataManager.swift in Sources */ = {isa = PBXBuildFile; fileRef = AD24BF2529F903B100868EE6 /* DataManager.swift */; };
		AD2DF8DB2A0ADF78002043E0 /* PaddedLabel.swift in Sources */ = {isa = PBXBuildFile; fileRef = AD2DF8DA2A0ADF78002043E0 /* PaddedLabel.swift */; };
		AD3244762A0D0FE20093C218 /* ActorCreditsCell.swift in Sources */ = {isa = PBXBuildFile; fileRef = AD3244742A0D0FE20093C218 /* ActorCreditsCell.swift */; };
		AD3244772A0D0FE20093C218 /* ActorCreditsCell.xib in Resources */ = {isa = PBXBuildFile; fileRef = AD3244752A0D0FE20093C218 /* ActorCreditsCell.xib */; };
		AD32447C2A1388800093C218 /* CombinedCell.swift in Sources */ = {isa = PBXBuildFile; fileRef = AD32447A2A1388800093C218 /* CombinedCell.swift */; };
		AD32447D2A1388800093C218 /* CombinedCell.xib in Resources */ = {isa = PBXBuildFile; fileRef = AD32447B2A1388800093C218 /* CombinedCell.xib */; };
		AD32447F2A14BC1D0093C218 /* TVShowViewController.swift in Sources */ = {isa = PBXBuildFile; fileRef = AD32447E2A14BC1D0093C218 /* TVShowViewController.swift */; };
		AD3244842A17730F0093C218 /* ShowCell.swift in Sources */ = {isa = PBXBuildFile; fileRef = AD3244822A17730F0093C218 /* ShowCell.swift */; };
		AD3244852A17730F0093C218 /* ShowCell.xib in Resources */ = {isa = PBXBuildFile; fileRef = AD3244832A17730F0093C218 /* ShowCell.xib */; };
		AD3322F42A012E910079D27E /* Person.swift in Sources */ = {isa = PBXBuildFile; fileRef = AD3322F32A012E910079D27E /* Person.swift */; };
		AD3322F62A012F2F0079D27E /* PersonViewController.swift in Sources */ = {isa = PBXBuildFile; fileRef = AD3322F52A012F2F0079D27E /* PersonViewController.swift */; };
		AD3322FB2A0138DB0079D27E /* PeopleCellCollectionViewCell.swift in Sources */ = {isa = PBXBuildFile; fileRef = AD3322F92A0138DB0079D27E /* PeopleCellCollectionViewCell.swift */; };
		AD3322FC2A0138DB0079D27E /* PeopleCellCollectionViewCell.xib in Resources */ = {isa = PBXBuildFile; fileRef = AD3322FA2A0138DB0079D27E /* PeopleCellCollectionViewCell.xib */; };
		AD6C709F2A07DC650039BE83 /* PersonDetailsViewController.swift in Sources */ = {isa = PBXBuildFile; fileRef = AD6C709E2A07DC650039BE83 /* PersonDetailsViewController.swift */; };
		AD8AFC0929F678BC0078964A /* AppDelegate.swift in Sources */ = {isa = PBXBuildFile; fileRef = AD8AFC0829F678BC0078964A /* AppDelegate.swift */; };
		AD8AFC0B29F678BC0078964A /* SceneDelegate.swift in Sources */ = {isa = PBXBuildFile; fileRef = AD8AFC0A29F678BC0078964A /* SceneDelegate.swift */; };
		AD8AFC0D29F678BC0078964A /* HomeViewController.swift in Sources */ = {isa = PBXBuildFile; fileRef = AD8AFC0C29F678BC0078964A /* HomeViewController.swift */; };
		AD8AFC1029F678BC0078964A /* Main.storyboard in Resources */ = {isa = PBXBuildFile; fileRef = AD8AFC0E29F678BC0078964A /* Main.storyboard */; };
		AD8AFC1329F678BC0078964A /* Bingeer.xcdatamodeld in Sources */ = {isa = PBXBuildFile; fileRef = AD8AFC1129F678BC0078964A /* Bingeer.xcdatamodeld */; };
		AD8AFC1529F678BD0078964A /* Assets.xcassets in Resources */ = {isa = PBXBuildFile; fileRef = AD8AFC1429F678BD0078964A /* Assets.xcassets */; };
		AD8AFC1829F678BD0078964A /* LaunchScreen.storyboard in Resources */ = {isa = PBXBuildFile; fileRef = AD8AFC1629F678BD0078964A /* LaunchScreen.storyboard */; };
		ADB9A12429FA921500906F87 /* K.swift in Sources */ = {isa = PBXBuildFile; fileRef = ADB9A12329FA921500906F87 /* K.swift */; };
		ADD5940C29FDAC7500E79FEB /* TopBarView.swift in Sources */ = {isa = PBXBuildFile; fileRef = ADD5940B29FDAC7500E79FEB /* TopBarView.swift */; };
		ADD5940E29FDAC8700E79FEB /* TopBarView.xib in Resources */ = {isa = PBXBuildFile; fileRef = ADD5940D29FDAC8700E79FEB /* TopBarView.xib */; };
/* End PBXBuildFile section */

/* Begin PBXFileReference section */
		03682060BC13F7FE0F404149 /* Pods_Bingeer.framework */ = {isa = PBXFileReference; explicitFileType = wrapper.framework; includeInIndex = 0; path = Pods_Bingeer.framework; sourceTree = BUILT_PRODUCTS_DIR; };
		75449D32E394994F069B2DAA /* Pods-Bingeer.release.xcconfig */ = {isa = PBXFileReference; includeInIndex = 1; lastKnownFileType = text.xcconfig; name = "Pods-Bingeer.release.xcconfig"; path = "Target Support Files/Pods-Bingeer/Pods-Bingeer.release.xcconfig"; sourceTree = "<group>"; };
		AD0CEBAE2A17F7E10023DB38 /* MovieCell.swift */ = {isa = PBXFileReference; lastKnownFileType = sourcecode.swift; path = MovieCell.swift; sourceTree = "<group>"; };
		AD0CEBAF2A17F7E10023DB38 /* MovieCell.xib */ = {isa = PBXFileReference; lastKnownFileType = file.xib; path = MovieCell.xib; sourceTree = "<group>"; };
		AD0CEBB22A182E810023DB38 /* MovieViewController.swift */ = {isa = PBXFileReference; lastKnownFileType = sourcecode.swift; path = MovieViewController.swift; sourceTree = "<group>"; };
		AD0F959129F6B87D00BC9E15 /* TabBarController.swift */ = {isa = PBXFileReference; lastKnownFileType = sourcecode.swift; path = TabBarController.swift; sourceTree = "<group>"; };
		AD24BF1929F7ECD600868EE6 /* .env */ = {isa = PBXFileReference; fileEncoding = 4; lastKnownFileType = text; path = .env; sourceTree = "<group>"; };
		AD24BF1B29F7EF0800868EE6 /* Env.swift */ = {isa = PBXFileReference; lastKnownFileType = sourcecode.swift; path = Env.swift; sourceTree = "<group>"; };
		AD24BF1E29F7F3CC00868EE6 /* Show.swift */ = {isa = PBXFileReference; lastKnownFileType = sourcecode.swift; path = Show.swift; sourceTree = "<group>"; };
		AD24BF2029F7FB4A00868EE6 /* Api.swift */ = {isa = PBXFileReference; lastKnownFileType = sourcecode.swift; path = Api.swift; sourceTree = "<group>"; };
		AD24BF2229F8500000868EE6 /* Movie.swift */ = {isa = PBXFileReference; lastKnownFileType = sourcecode.swift; path = Movie.swift; sourceTree = "<group>"; };
		AD24BF2529F903B100868EE6 /* DataManager.swift */ = {isa = PBXFileReference; lastKnownFileType = sourcecode.swift; path = DataManager.swift; sourceTree = "<group>"; };
		AD2DF8DA2A0ADF78002043E0 /* PaddedLabel.swift */ = {isa = PBXFileReference; lastKnownFileType = sourcecode.swift; path = PaddedLabel.swift; sourceTree = "<group>"; };
		AD3244742A0D0FE20093C218 /* ActorCreditsCell.swift */ = {isa = PBXFileReference; lastKnownFileType = sourcecode.swift; path = ActorCreditsCell.swift; sourceTree = "<group>"; };
		AD3244752A0D0FE20093C218 /* ActorCreditsCell.xib */ = {isa = PBXFileReference; lastKnownFileType = file.xib; path = ActorCreditsCell.xib; sourceTree = "<group>"; };
		AD32447A2A1388800093C218 /* CombinedCell.swift */ = {isa = PBXFileReference; lastKnownFileType = sourcecode.swift; path = CombinedCell.swift; sourceTree = "<group>"; };
		AD32447B2A1388800093C218 /* CombinedCell.xib */ = {isa = PBXFileReference; lastKnownFileType = file.xib; path = CombinedCell.xib; sourceTree = "<group>"; };
		AD32447E2A14BC1D0093C218 /* TVShowViewController.swift */ = {isa = PBXFileReference; lastKnownFileType = sourcecode.swift; path = TVShowViewController.swift; sourceTree = "<group>"; };
		AD3244822A17730F0093C218 /* ShowCell.swift */ = {isa = PBXFileReference; lastKnownFileType = sourcecode.swift; path = ShowCell.swift; sourceTree = "<group>"; };
		AD3244832A17730F0093C218 /* ShowCell.xib */ = {isa = PBXFileReference; lastKnownFileType = file.xib; path = ShowCell.xib; sourceTree = "<group>"; };
		AD3322F32A012E910079D27E /* Person.swift */ = {isa = PBXFileReference; lastKnownFileType = sourcecode.swift; path = Person.swift; sourceTree = "<group>"; };
		AD3322F52A012F2F0079D27E /* PersonViewController.swift */ = {isa = PBXFileReference; lastKnownFileType = sourcecode.swift; path = PersonViewController.swift; sourceTree = "<group>"; };
		AD3322F92A0138DB0079D27E /* PeopleCellCollectionViewCell.swift */ = {isa = PBXFileReference; lastKnownFileType = sourcecode.swift; path = PeopleCellCollectionViewCell.swift; sourceTree = "<group>"; };
		AD3322FA2A0138DB0079D27E /* PeopleCellCollectionViewCell.xib */ = {isa = PBXFileReference; lastKnownFileType = file.xib; path = PeopleCellCollectionViewCell.xib; sourceTree = "<group>"; };
		AD6C709E2A07DC650039BE83 /* PersonDetailsViewController.swift */ = {isa = PBXFileReference; lastKnownFileType = sourcecode.swift; path = PersonDetailsViewController.swift; sourceTree = "<group>"; };
		AD8AFC0529F678BC0078964A /* Bingeer.app */ = {isa = PBXFileReference; explicitFileType = wrapper.application; includeInIndex = 0; path = Bingeer.app; sourceTree = BUILT_PRODUCTS_DIR; };
		AD8AFC0829F678BC0078964A /* AppDelegate.swift */ = {isa = PBXFileReference; lastKnownFileType = sourcecode.swift; path = AppDelegate.swift; sourceTree = "<group>"; };
		AD8AFC0A29F678BC0078964A /* SceneDelegate.swift */ = {isa = PBXFileReference; lastKnownFileType = sourcecode.swift; path = SceneDelegate.swift; sourceTree = "<group>"; };
		AD8AFC0C29F678BC0078964A /* HomeViewController.swift */ = {isa = PBXFileReference; lastKnownFileType = sourcecode.swift; path = HomeViewController.swift; sourceTree = "<group>"; };
		AD8AFC0F29F678BC0078964A /* Base */ = {isa = PBXFileReference; lastKnownFileType = file.storyboard; name = Base; path = Base.lproj/Main.storyboard; sourceTree = "<group>"; };
		AD8AFC1229F678BC0078964A /* Bingeer.xcdatamodel */ = {isa = PBXFileReference; lastKnownFileType = wrapper.xcdatamodel; path = Bingeer.xcdatamodel; sourceTree = "<group>"; };
		AD8AFC1429F678BD0078964A /* Assets.xcassets */ = {isa = PBXFileReference; lastKnownFileType = folder.assetcatalog; path = Assets.xcassets; sourceTree = "<group>"; };
		AD8AFC1729F678BD0078964A /* Base */ = {isa = PBXFileReference; lastKnownFileType = file.storyboard; name = Base; path = Base.lproj/LaunchScreen.storyboard; sourceTree = "<group>"; };
		AD8AFC1929F678BD0078964A /* Info.plist */ = {isa = PBXFileReference; lastKnownFileType = text.plist.xml; path = Info.plist; sourceTree = "<group>"; };
		ADB9A12329FA921500906F87 /* K.swift */ = {isa = PBXFileReference; lastKnownFileType = sourcecode.swift; path = K.swift; sourceTree = "<group>"; };
		ADD5940B29FDAC7500E79FEB /* TopBarView.swift */ = {isa = PBXFileReference; lastKnownFileType = sourcecode.swift; path = TopBarView.swift; sourceTree = "<group>"; };
		ADD5940D29FDAC8700E79FEB /* TopBarView.xib */ = {isa = PBXFileReference; lastKnownFileType = file.xib; path = TopBarView.xib; sourceTree = "<group>"; };
		E9A5510F6103A607687488D5 /* Pods-Bingeer.debug.xcconfig */ = {isa = PBXFileReference; includeInIndex = 1; lastKnownFileType = text.xcconfig; name = "Pods-Bingeer.debug.xcconfig"; path = "Target Support Files/Pods-Bingeer/Pods-Bingeer.debug.xcconfig"; sourceTree = "<group>"; };
/* End PBXFileReference section */

/* Begin PBXFrameworksBuildPhase section */
		AD8AFC0229F678BC0078964A /* Frameworks */ = {
			isa = PBXFrameworksBuildPhase;
			buildActionMask = 2147483647;
			files = (
				7CA6FE884ABE11FAB1F286C8 /* Pods_Bingeer.framework in Frameworks */,
			);
			runOnlyForDeploymentPostprocessing = 0;
		};
/* End PBXFrameworksBuildPhase section */

/* Begin PBXGroup section */
		35DA8C0BCAE14D9E2A1F2693 /* Frameworks */ = {
			isa = PBXGroup;
			children = (
				03682060BC13F7FE0F404149 /* Pods_Bingeer.framework */,
			);
			name = Frameworks;
			sourceTree = "<group>";
		};
		6E02F717D14092B7788B850A /* Pods */ = {
			isa = PBXGroup;
			children = (
				E9A5510F6103A607687488D5 /* Pods-Bingeer.debug.xcconfig */,
				75449D32E394994F069B2DAA /* Pods-Bingeer.release.xcconfig */,
			);
			path = Pods;
			sourceTree = "<group>";
		};
		AD0CEBAC2A17F7C80023DB38 /* Movie */ = {
			isa = PBXGroup;
			children = (
				AD0CEBAD2A17F7CE0023DB38 /* Cell */,
			);
			path = Movie;
			sourceTree = "<group>";
		};
		AD0CEBAD2A17F7CE0023DB38 /* Cell */ = {
			isa = PBXGroup;
			children = (
				AD0CEBAE2A17F7E10023DB38 /* MovieCell.swift */,
				AD0CEBAF2A17F7E10023DB38 /* MovieCell.xib */,
			);
			path = Cell;
			sourceTree = "<group>";
		};
		AD24BF2429F9039500868EE6 /* NetworkLayer */ = {
			isa = PBXGroup;
			children = (
				AD24BF2029F7FB4A00868EE6 /* Api.swift */,
				AD24BF2529F903B100868EE6 /* DataManager.swift */,
			);
			path = NetworkLayer;
			sourceTree = "<group>";
		};
		AD3244782A1388360093C218 /* ShowAndMovie */ = {
			isa = PBXGroup;
			children = (
				AD3244792A13885A0093C218 /* Cell */,
			);
			path = ShowAndMovie;
			sourceTree = "<group>";
		};
		AD3244792A13885A0093C218 /* Cell */ = {
			isa = PBXGroup;
			children = (
				AD32447A2A1388800093C218 /* CombinedCell.swift */,
				AD32447B2A1388800093C218 /* CombinedCell.xib */,
			);
			path = Cell;
			sourceTree = "<group>";
		};
		AD3244802A1772D70093C218 /* Show */ = {
			isa = PBXGroup;
			children = (
				AD3244812A1772E10093C218 /* Cell */,
			);
			path = Show;
			sourceTree = "<group>";
		};
		AD3244812A1772E10093C218 /* Cell */ = {
			isa = PBXGroup;
			children = (
				AD3244822A17730F0093C218 /* ShowCell.swift */,
				AD3244832A17730F0093C218 /* ShowCell.xib */,
			);
			path = Cell;
			sourceTree = "<group>";
		};
		AD3322F72A0138A60079D27E /* People */ = {
			isa = PBXGroup;
			children = (
				AD3322F82A0138B40079D27E /* Cell */,
			);
			path = People;
			sourceTree = "<group>";
		};
		AD3322F82A0138B40079D27E /* Cell */ = {
			isa = PBXGroup;
			children = (
				AD3322F92A0138DB0079D27E /* PeopleCellCollectionViewCell.swift */,
				AD3322FA2A0138DB0079D27E /* PeopleCellCollectionViewCell.xib */,
				AD3244742A0D0FE20093C218 /* ActorCreditsCell.swift */,
				AD3244752A0D0FE20093C218 /* ActorCreditsCell.xib */,
			);
			path = Cell;
			sourceTree = "<group>";
		};
		AD6C70982A07DB220039BE83 /* Home */ = {
			isa = PBXGroup;
			children = (
				AD8AFC0C29F678BC0078964A /* HomeViewController.swift */,
			);
			path = Home;
			sourceTree = "<group>";
		};
		AD6C70992A07DB2F0039BE83 /* TabBar */ = {
			isa = PBXGroup;
			children = (
				AD0F959129F6B87D00BC9E15 /* TabBarController.swift */,
			);
			path = TabBar;
			sourceTree = "<group>";
		};
		AD6C709A2A07DB3E0039BE83 /* Person */ = {
			isa = PBXGroup;
			children = (
				AD3322F52A012F2F0079D27E /* PersonViewController.swift */,
				AD6C709E2A07DC650039BE83 /* PersonDetailsViewController.swift */,
				AD2DF8DA2A0ADF78002043E0 /* PaddedLabel.swift */,
			);
			path = Person;
			sourceTree = "<group>";
		};
		AD6C709B2A07DB590039BE83 /* Tv */ = {
			isa = PBXGroup;
			children = (
				AD32447E2A14BC1D0093C218 /* TVShowViewController.swift */,
			);
			path = Tv;
			sourceTree = "<group>";
		};
		AD6C709C2A07DB710039BE83 /* Movie */ = {
			isa = PBXGroup;
			children = (
				AD0CEBB22A182E810023DB38 /* MovieViewController.swift */,
			);
			path = Movie;
			sourceTree = "<group>";
		};
		AD6C709D2A07DC000039BE83 /* List */ = {
			isa = PBXGroup;
			children = (
			);
			path = List;
			sourceTree = "<group>";
		};
		AD8AFBFC29F678BC0078964A = {
			isa = PBXGroup;
			children = (
				AD24BF1929F7ECD600868EE6 /* .env */,
				AD8AFC0729F678BC0078964A /* Bingeer */,
				AD8AFC0629F678BC0078964A /* Products */,
				6E02F717D14092B7788B850A /* Pods */,
				35DA8C0BCAE14D9E2A1F2693 /* Frameworks */,
			);
			sourceTree = "<group>";
		};
		AD8AFC0629F678BC0078964A /* Products */ = {
			isa = PBXGroup;
			children = (
				AD8AFC0529F678BC0078964A /* Bingeer.app */,
			);
			name = Products;
			sourceTree = "<group>";
		};
		AD8AFC0729F678BC0078964A /* Bingeer */ = {
			isa = PBXGroup;
			children = (
				AD8AFC1F29F679740078964A /* Model */,
				AD8AFC2029F6797B0078964A /* View */,
				AD8AFC2129F679800078964A /* Controller */,
				AD8AFC0829F678BC0078964A /* AppDelegate.swift */,
				AD8AFC0A29F678BC0078964A /* SceneDelegate.swift */,
				AD8AFC1429F678BD0078964A /* Assets.xcassets */,
				AD8AFC1929F678BD0078964A /* Info.plist */,
				AD8AFC1129F678BC0078964A /* Bingeer.xcdatamodeld */,
				AD24BF1B29F7EF0800868EE6 /* Env.swift */,
				ADB9A12329FA921500906F87 /* K.swift */,
			);
			path = Bingeer;
			sourceTree = "<group>";
		};
		AD8AFC1F29F679740078964A /* Model */ = {
			isa = PBXGroup;
			children = (
				AD24BF2429F9039500868EE6 /* NetworkLayer */,
				ADF4088A29F67B5C00F8BF1A /* Show */,
				ADF4088929F67B5500F8BF1A /* Movie */,
				ADF4088B29F67B6300F8BF1A /* People */,
			);
			path = Model;
			sourceTree = "<group>";
		};
		AD8AFC2029F6797B0078964A /* View */ = {
			isa = PBXGroup;
			children = (
				AD0CEBAC2A17F7C80023DB38 /* Movie */,
				AD3244802A1772D70093C218 /* Show */,
				AD3244782A1388360093C218 /* ShowAndMovie */,
				AD3322F72A0138A60079D27E /* People */,
				ADD5940A29FDAC4B00E79FEB /* CustomHeaderView */,
				AD8AFC0E29F678BC0078964A /* Main.storyboard */,
				AD8AFC1629F678BD0078964A /* LaunchScreen.storyboard */,
			);
			path = View;
			sourceTree = "<group>";
		};
		AD8AFC2129F679800078964A /* Controller */ = {
			isa = PBXGroup;
			children = (
				AD6C70992A07DB2F0039BE83 /* TabBar */,
				AD6C709B2A07DB590039BE83 /* Tv */,
				AD6C709C2A07DB710039BE83 /* Movie */,
				AD6C70982A07DB220039BE83 /* Home */,
				AD6C709D2A07DC000039BE83 /* List */,
				AD6C709A2A07DB3E0039BE83 /* Person */,
			);
			path = Controller;
			sourceTree = "<group>";
		};
		ADD5940A29FDAC4B00E79FEB /* CustomHeaderView */ = {
			isa = PBXGroup;
			children = (
				ADD5940B29FDAC7500E79FEB /* TopBarView.swift */,
				ADD5940D29FDAC8700E79FEB /* TopBarView.xib */,
			);
			path = CustomHeaderView;
			sourceTree = "<group>";
		};
		ADF4088929F67B5500F8BF1A /* Movie */ = {
			isa = PBXGroup;
			children = (
				AD24BF2229F8500000868EE6 /* Movie.swift */,
			);
			path = Movie;
			sourceTree = "<group>";
		};
		ADF4088A29F67B5C00F8BF1A /* Show */ = {
			isa = PBXGroup;
			children = (
				AD24BF1E29F7F3CC00868EE6 /* Show.swift */,
			);
			path = Show;
			sourceTree = "<group>";
		};
		ADF4088B29F67B6300F8BF1A /* People */ = {
			isa = PBXGroup;
			children = (
				AD3322F32A012E910079D27E /* Person.swift */,
			);
			path = People;
			sourceTree = "<group>";
		};
/* End PBXGroup section */

/* Begin PBXNativeTarget section */
		AD8AFC0429F678BC0078964A /* Bingeer */ = {
			isa = PBXNativeTarget;
			buildConfigurationList = AD8AFC1C29F678BD0078964A /* Build configuration list for PBXNativeTarget "Bingeer" */;
			buildPhases = (
				00463DDEB9E285F30516A201 /* [CP] Check Pods Manifest.lock */,
				AD8AFC0129F678BC0078964A /* Sources */,
				AD8AFC0229F678BC0078964A /* Frameworks */,
				AD8AFC0329F678BC0078964A /* Resources */,
				E8A48DCFFE54CB5F76E30932 /* [CP] Embed Pods Frameworks */,
			);
			buildRules = (
			);
			dependencies = (
			);
			name = Bingeer;
			productName = Bingeer;
			productReference = AD8AFC0529F678BC0078964A /* Bingeer.app */;
			productType = "com.apple.product-type.application";
		};
/* End PBXNativeTarget section */

/* Begin PBXProject section */
		AD8AFBFD29F678BC0078964A /* Project object */ = {
			isa = PBXProject;
			attributes = {
				BuildIndependentTargetsInParallel = 1;
				LastSwiftUpdateCheck = 1430;
				LastUpgradeCheck = 1430;
				TargetAttributes = {
					AD8AFC0429F678BC0078964A = {
						CreatedOnToolsVersion = 14.3;
					};
				};
			};
			buildConfigurationList = AD8AFC0029F678BC0078964A /* Build configuration list for PBXProject "Bingeer" */;
			compatibilityVersion = "Xcode 14.0";
			developmentRegion = en;
			hasScannedForEncodings = 0;
			knownRegions = (
				en,
				Base,
			);
			mainGroup = AD8AFBFC29F678BC0078964A;
			productRefGroup = AD8AFC0629F678BC0078964A /* Products */;
			projectDirPath = "";
			projectRoot = "";
			targets = (
				AD8AFC0429F678BC0078964A /* Bingeer */,
			);
		};
/* End PBXProject section */

/* Begin PBXResourcesBuildPhase section */
		AD8AFC0329F678BC0078964A /* Resources */ = {
			isa = PBXResourcesBuildPhase;
			buildActionMask = 2147483647;
			files = (
				AD3244852A17730F0093C218 /* ShowCell.xib in Resources */,
				AD3244772A0D0FE20093C218 /* ActorCreditsCell.xib in Resources */,
				AD3322FC2A0138DB0079D27E /* PeopleCellCollectionViewCell.xib in Resources */,
				AD32447D2A1388800093C218 /* CombinedCell.xib in Resources */,
				AD0CEBB12A17F7E10023DB38 /* MovieCell.xib in Resources */,
				ADD5940E29FDAC8700E79FEB /* TopBarView.xib in Resources */,
				AD24BF1D29F7EF9A00868EE6 /* .env in Resources */,
				AD8AFC1829F678BD0078964A /* LaunchScreen.storyboard in Resources */,
				AD8AFC1529F678BD0078964A /* Assets.xcassets in Resources */,
				AD8AFC1029F678BC0078964A /* Main.storyboard in Resources */,
			);
			runOnlyForDeploymentPostprocessing = 0;
		};
/* End PBXResourcesBuildPhase section */

/* Begin PBXShellScriptBuildPhase section */
		00463DDEB9E285F30516A201 /* [CP] Check Pods Manifest.lock */ = {
			isa = PBXShellScriptBuildPhase;
			buildActionMask = 2147483647;
			files = (
			);
			inputFileListPaths = (
			);
			inputPaths = (
				"${PODS_PODFILE_DIR_PATH}/Podfile.lock",
				"${PODS_ROOT}/Manifest.lock",
			);
			name = "[CP] Check Pods Manifest.lock";
			outputFileListPaths = (
			);
			outputPaths = (
				"$(DERIVED_FILE_DIR)/Pods-Bingeer-checkManifestLockResult.txt",
			);
			runOnlyForDeploymentPostprocessing = 0;
			shellPath = /bin/sh;
			shellScript = "diff \"${PODS_PODFILE_DIR_PATH}/Podfile.lock\" \"${PODS_ROOT}/Manifest.lock\" > /dev/null\nif [ $? != 0 ] ; then\n    # print error to STDERR\n    echo \"error: The sandbox is not in sync with the Podfile.lock. Run 'pod install' or update your CocoaPods installation.\" >&2\n    exit 1\nfi\n# This output is used by Xcode 'outputs' to avoid re-running this script phase.\necho \"SUCCESS\" > \"${SCRIPT_OUTPUT_FILE_0}\"\n";
			showEnvVarsInLog = 0;
		};
		E8A48DCFFE54CB5F76E30932 /* [CP] Embed Pods Frameworks */ = {
			isa = PBXShellScriptBuildPhase;
			buildActionMask = 2147483647;
			files = (
			);
			inputFileListPaths = (
				"${PODS_ROOT}/Target Support Files/Pods-Bingeer/Pods-Bingeer-frameworks-${CONFIGURATION}-input-files.xcfilelist",
			);
			name = "[CP] Embed Pods Frameworks";
			outputFileListPaths = (
				"${PODS_ROOT}/Target Support Files/Pods-Bingeer/Pods-Bingeer-frameworks-${CONFIGURATION}-output-files.xcfilelist",
			);
			runOnlyForDeploymentPostprocessing = 0;
			shellPath = /bin/sh;
			shellScript = "\"${PODS_ROOT}/Target Support Files/Pods-Bingeer/Pods-Bingeer-frameworks.sh\"\n";
			showEnvVarsInLog = 0;
		};
/* End PBXShellScriptBuildPhase section */

/* Begin PBXSourcesBuildPhase section */
		AD8AFC0129F678BC0078964A /* Sources */ = {
			isa = PBXSourcesBuildPhase;
			buildActionMask = 2147483647;
			files = (
				AD24BF2129F7FB4A00868EE6 /* Api.swift in Sources */,
				AD8AFC1329F678BC0078964A /* Bingeer.xcdatamodeld in Sources */,
				AD8AFC0D29F678BC0078964A /* HomeViewController.swift in Sources */,
				AD3244842A17730F0093C218 /* ShowCell.swift in Sources */,
				AD24BF2329F8500000868EE6 /* Movie.swift in Sources */,
				AD3244762A0D0FE20093C218 /* ActorCreditsCell.swift in Sources */,
				AD8AFC0929F678BC0078964A /* AppDelegate.swift in Sources */,
				AD3322FB2A0138DB0079D27E /* PeopleCellCollectionViewCell.swift in Sources */,
				AD32447F2A14BC1D0093C218 /* TVShowViewController.swift in Sources */,
				AD0F959229F6B87D00BC9E15 /* TabBarController.swift in Sources */,
				AD32447C2A1388800093C218 /* CombinedCell.swift in Sources */,
				ADB9A12429FA921500906F87 /* K.swift in Sources */,
				AD6C709F2A07DC650039BE83 /* PersonDetailsViewController.swift in Sources */,
				ADD5940C29FDAC7500E79FEB /* TopBarView.swift in Sources */,
				AD0CEBB02A17F7E10023DB38 /* MovieCell.swift in Sources */,
				AD8AFC0B29F678BC0078964A /* SceneDelegate.swift in Sources */,
				AD24BF2629F903B100868EE6 /* DataManager.swift in Sources */,
				AD3322F42A012E910079D27E /* Person.swift in Sources */,
				AD2DF8DB2A0ADF78002043E0 /* PaddedLabel.swift in Sources */,
				AD24BF1F29F7F3CC00868EE6 /* Show.swift in Sources */,
				AD24BF1C29F7EF0800868EE6 /* Env.swift in Sources */,
				AD3322F62A012F2F0079D27E /* PersonViewController.swift in Sources */,
				AD0CEBB32A182E810023DB38 /* MovieViewController.swift in Sources */,
			);
			runOnlyForDeploymentPostprocessing = 0;
		};
/* End PBXSourcesBuildPhase section */

/* Begin PBXVariantGroup section */
		AD8AFC0E29F678BC0078964A /* Main.storyboard */ = {
			isa = PBXVariantGroup;
			children = (
				AD8AFC0F29F678BC0078964A /* Base */,
			);
			name = Main.storyboard;
			sourceTree = "<group>";
		};
		AD8AFC1629F678BD0078964A /* LaunchScreen.storyboard */ = {
			isa = PBXVariantGroup;
			children = (
				AD8AFC1729F678BD0078964A /* Base */,
			);
			name = LaunchScreen.storyboard;
			sourceTree = "<group>";
		};
/* End PBXVariantGroup section */

/* Begin XCBuildConfiguration section */
		AD8AFC1A29F678BD0078964A /* Debug */ = {
			isa = XCBuildConfiguration;
			buildSettings = {
				ALWAYS_SEARCH_USER_PATHS = NO;
				CLANG_ANALYZER_NONNULL = YES;
				CLANG_ANALYZER_NUMBER_OBJECT_CONVERSION = YES_AGGRESSIVE;
				CLANG_CXX_LANGUAGE_STANDARD = "gnu++20";
				CLANG_ENABLE_MODULES = YES;
				CLANG_ENABLE_OBJC_ARC = YES;
				CLANG_ENABLE_OBJC_WEAK = YES;
				CLANG_WARN_BLOCK_CAPTURE_AUTORELEASING = YES;
				CLANG_WARN_BOOL_CONVERSION = YES;
				CLANG_WARN_COMMA = YES;
				CLANG_WARN_CONSTANT_CONVERSION = YES;
				CLANG_WARN_DEPRECATED_OBJC_IMPLEMENTATIONS = YES;
				CLANG_WARN_DIRECT_OBJC_ISA_USAGE = YES_ERROR;
				CLANG_WARN_DOCUMENTATION_COMMENTS = YES;
				CLANG_WARN_EMPTY_BODY = YES;
				CLANG_WARN_ENUM_CONVERSION = YES;
				CLANG_WARN_INFINITE_RECURSION = YES;
				CLANG_WARN_INT_CONVERSION = YES;
				CLANG_WARN_NON_LITERAL_NULL_CONVERSION = YES;
				CLANG_WARN_OBJC_IMPLICIT_RETAIN_SELF = YES;
				CLANG_WARN_OBJC_LITERAL_CONVERSION = YES;
				CLANG_WARN_OBJC_ROOT_CLASS = YES_ERROR;
				CLANG_WARN_QUOTED_INCLUDE_IN_FRAMEWORK_HEADER = YES;
				CLANG_WARN_RANGE_LOOP_ANALYSIS = YES;
				CLANG_WARN_STRICT_PROTOTYPES = YES;
				CLANG_WARN_SUSPICIOUS_MOVE = YES;
				CLANG_WARN_UNGUARDED_AVAILABILITY = YES_AGGRESSIVE;
				CLANG_WARN_UNREACHABLE_CODE = YES;
				CLANG_WARN__DUPLICATE_METHOD_MATCH = YES;
				COPY_PHASE_STRIP = NO;
				DEBUG_INFORMATION_FORMAT = dwarf;
				ENABLE_STRICT_OBJC_MSGSEND = YES;
				ENABLE_TESTABILITY = YES;
				GCC_C_LANGUAGE_STANDARD = gnu11;
				GCC_DYNAMIC_NO_PIC = NO;
				GCC_NO_COMMON_BLOCKS = YES;
				GCC_OPTIMIZATION_LEVEL = 0;
				GCC_PREPROCESSOR_DEFINITIONS = (
					"DEBUG=1",
					"$(inherited)",
				);
				GCC_WARN_64_TO_32_BIT_CONVERSION = YES;
				GCC_WARN_ABOUT_RETURN_TYPE = YES_ERROR;
				GCC_WARN_UNDECLARED_SELECTOR = YES;
				GCC_WARN_UNINITIALIZED_AUTOS = YES_AGGRESSIVE;
				GCC_WARN_UNUSED_FUNCTION = YES;
				GCC_WARN_UNUSED_VARIABLE = YES;
				IPHONEOS_DEPLOYMENT_TARGET = 14.0;
				MTL_ENABLE_DEBUG_INFO = INCLUDE_SOURCE;
				MTL_FAST_MATH = YES;
				ONLY_ACTIVE_ARCH = YES;
				SDKROOT = iphoneos;
				SWIFT_ACTIVE_COMPILATION_CONDITIONS = DEBUG;
				SWIFT_OPTIMIZATION_LEVEL = "-Onone";
			};
			name = Debug;
		};
		AD8AFC1B29F678BD0078964A /* Release */ = {
			isa = XCBuildConfiguration;
			buildSettings = {
				ALWAYS_SEARCH_USER_PATHS = NO;
				CLANG_ANALYZER_NONNULL = YES;
				CLANG_ANALYZER_NUMBER_OBJECT_CONVERSION = YES_AGGRESSIVE;
				CLANG_CXX_LANGUAGE_STANDARD = "gnu++20";
				CLANG_ENABLE_MODULES = YES;
				CLANG_ENABLE_OBJC_ARC = YES;
				CLANG_ENABLE_OBJC_WEAK = YES;
				CLANG_WARN_BLOCK_CAPTURE_AUTORELEASING = YES;
				CLANG_WARN_BOOL_CONVERSION = YES;
				CLANG_WARN_COMMA = YES;
				CLANG_WARN_CONSTANT_CONVERSION = YES;
				CLANG_WARN_DEPRECATED_OBJC_IMPLEMENTATIONS = YES;
				CLANG_WARN_DIRECT_OBJC_ISA_USAGE = YES_ERROR;
				CLANG_WARN_DOCUMENTATION_COMMENTS = YES;
				CLANG_WARN_EMPTY_BODY = YES;
				CLANG_WARN_ENUM_CONVERSION = YES;
				CLANG_WARN_INFINITE_RECURSION = YES;
				CLANG_WARN_INT_CONVERSION = YES;
				CLANG_WARN_NON_LITERAL_NULL_CONVERSION = YES;
				CLANG_WARN_OBJC_IMPLICIT_RETAIN_SELF = YES;
				CLANG_WARN_OBJC_LITERAL_CONVERSION = YES;
				CLANG_WARN_OBJC_ROOT_CLASS = YES_ERROR;
				CLANG_WARN_QUOTED_INCLUDE_IN_FRAMEWORK_HEADER = YES;
				CLANG_WARN_RANGE_LOOP_ANALYSIS = YES;
				CLANG_WARN_STRICT_PROTOTYPES = YES;
				CLANG_WARN_SUSPICIOUS_MOVE = YES;
				CLANG_WARN_UNGUARDED_AVAILABILITY = YES_AGGRESSIVE;
				CLANG_WARN_UNREACHABLE_CODE = YES;
				CLANG_WARN__DUPLICATE_METHOD_MATCH = YES;
				COPY_PHASE_STRIP = NO;
				DEBUG_INFORMATION_FORMAT = "dwarf-with-dsym";
				ENABLE_NS_ASSERTIONS = NO;
				ENABLE_STRICT_OBJC_MSGSEND = YES;
				GCC_C_LANGUAGE_STANDARD = gnu11;
				GCC_NO_COMMON_BLOCKS = YES;
				GCC_WARN_64_TO_32_BIT_CONVERSION = YES;
				GCC_WARN_ABOUT_RETURN_TYPE = YES_ERROR;
				GCC_WARN_UNDECLARED_SELECTOR = YES;
				GCC_WARN_UNINITIALIZED_AUTOS = YES_AGGRESSIVE;
				GCC_WARN_UNUSED_FUNCTION = YES;
				GCC_WARN_UNUSED_VARIABLE = YES;
				IPHONEOS_DEPLOYMENT_TARGET = 14.0;
				MTL_ENABLE_DEBUG_INFO = NO;
				MTL_FAST_MATH = YES;
				SDKROOT = iphoneos;
				SWIFT_COMPILATION_MODE = wholemodule;
				SWIFT_OPTIMIZATION_LEVEL = "-O";
				VALIDATE_PRODUCT = YES;
			};
			name = Release;
		};
		AD8AFC1D29F678BD0078964A /* Debug */ = {
			isa = XCBuildConfiguration;
			baseConfigurationReference = E9A5510F6103A607687488D5 /* Pods-Bingeer.debug.xcconfig */;
			buildSettings = {
				ASSETCATALOG_COMPILER_APPICON_NAME = AppIcon;
				ASSETCATALOG_COMPILER_GLOBAL_ACCENT_COLOR_NAME = AccentColor;
				CODE_SIGN_STYLE = Automatic;
				CURRENT_PROJECT_VERSION = 1;
				DEVELOPMENT_TEAM = 29X82L2D2X;
				GENERATE_INFOPLIST_FILE = YES;
				INFOPLIST_FILE = Bingeer/Info.plist;
				INFOPLIST_KEY_UIApplicationSupportsIndirectInputEvents = YES;
				INFOPLIST_KEY_UILaunchStoryboardName = LaunchScreen;
				INFOPLIST_KEY_UIMainStoryboardFile = Main;
				INFOPLIST_KEY_UISupportedInterfaceOrientations = UIInterfaceOrientationPortrait;
				INFOPLIST_KEY_UISupportedInterfaceOrientations_iPad = "UIInterfaceOrientationLandscapeLeft UIInterfaceOrientationLandscapeRight UIInterfaceOrientationPortrait UIInterfaceOrientationPortraitUpsideDown";
				IPHONEOS_DEPLOYMENT_TARGET = 14.0;
				LD_RUNPATH_SEARCH_PATHS = (
					"$(inherited)",
					"@executable_path/Frameworks",
				);
				MARKETING_VERSION = 1.0;
				PRODUCT_BUNDLE_IDENTIFIER = Blu.Bingeer;
				PRODUCT_NAME = "$(TARGET_NAME)";
				SWIFT_EMIT_LOC_STRINGS = YES;
				SWIFT_VERSION = 5.0;
				TARGETED_DEVICE_FAMILY = "1,2";
			};
			name = Debug;
		};
		AD8AFC1E29F678BD0078964A /* Release */ = {
			isa = XCBuildConfiguration;
			baseConfigurationReference = 75449D32E394994F069B2DAA /* Pods-Bingeer.release.xcconfig */;
			buildSettings = {
				ASSETCATALOG_COMPILER_APPICON_NAME = AppIcon;
				ASSETCATALOG_COMPILER_GLOBAL_ACCENT_COLOR_NAME = AccentColor;
				CODE_SIGN_STYLE = Automatic;
				CURRENT_PROJECT_VERSION = 1;
				DEVELOPMENT_TEAM = 29X82L2D2X;
				GENERATE_INFOPLIST_FILE = YES;
				INFOPLIST_FILE = Bingeer/Info.plist;
				INFOPLIST_KEY_UIApplicationSupportsIndirectInputEvents = YES;
				INFOPLIST_KEY_UILaunchStoryboardName = LaunchScreen;
				INFOPLIST_KEY_UIMainStoryboardFile = Main;
				INFOPLIST_KEY_UISupportedInterfaceOrientations = UIInterfaceOrientationPortrait;
				INFOPLIST_KEY_UISupportedInterfaceOrientations_iPad = "UIInterfaceOrientationLandscapeLeft UIInterfaceOrientationLandscapeRight UIInterfaceOrientationPortrait UIInterfaceOrientationPortraitUpsideDown";
				IPHONEOS_DEPLOYMENT_TARGET = 14.0;
				LD_RUNPATH_SEARCH_PATHS = (
					"$(inherited)",
					"@executable_path/Frameworks",
				);
				MARKETING_VERSION = 1.0;
				PRODUCT_BUNDLE_IDENTIFIER = Blu.Bingeer;
				PRODUCT_NAME = "$(TARGET_NAME)";
				SWIFT_EMIT_LOC_STRINGS = YES;
				SWIFT_VERSION = 5.0;
				TARGETED_DEVICE_FAMILY = "1,2";
			};
			name = Release;
		};
/* End XCBuildConfiguration section */

/* Begin XCConfigurationList section */
		AD8AFC0029F678BC0078964A /* Build configuration list for PBXProject "Bingeer" */ = {
			isa = XCConfigurationList;
			buildConfigurations = (
				AD8AFC1A29F678BD0078964A /* Debug */,
				AD8AFC1B29F678BD0078964A /* Release */,
			);
			defaultConfigurationIsVisible = 0;
			defaultConfigurationName = Release;
		};
		AD8AFC1C29F678BD0078964A /* Build configuration list for PBXNativeTarget "Bingeer" */ = {
			isa = XCConfigurationList;
			buildConfigurations = (
				AD8AFC1D29F678BD0078964A /* Debug */,
				AD8AFC1E29F678BD0078964A /* Release */,
			);
			defaultConfigurationIsVisible = 0;
			defaultConfigurationName = Release;
		};
/* End XCConfigurationList section */

/* Begin XCVersionGroup section */
		AD8AFC1129F678BC0078964A /* Bingeer.xcdatamodeld */ = {
			isa = XCVersionGroup;
			children = (
				AD8AFC1229F678BC0078964A /* Bingeer.xcdatamodel */,
			);
			currentVersion = AD8AFC1229F678BC0078964A /* Bingeer.xcdatamodel */;
			path = Bingeer.xcdatamodeld;
			sourceTree = "<group>";
			versionGroupType = wrapper.xcdatamodel;
		};
/* End XCVersionGroup section */
	};
	rootObject = AD8AFBFD29F678BC0078964A /* Project object */;
}
